<?xml version="1.0" encoding="utf-8"?>
<Project ToolsVersion="4.0" xmlns="http://schemas.microsoft.com/developer/msbuild/2003">
  <ItemGroup>
    <Filter Include="Source Files">
      <UniqueIdentifier>{4FC737F1-C7A5-4376-A066-2A32D752A2FF}</UniqueIdentifier>
      <Extensions>cpp;c;cc;cxx;def;odl;idl;hpj;bat;asm;asmx</Extensions>
    </Filter>
    <Filter Include="Header Files">
      <UniqueIdentifier>{93995380-89BD-4b04-88EB-625FBE52EBFB}</UniqueIdentifier>
      <Extensions>h;hh;hpp;hxx;hm;inl;inc;xsd</Extensions>
    </Filter>
    <Filter Include="Resource Files">
      <UniqueIdentifier>{67DA6AB6-F800-4c08-8B7A-83BB121AAD01}</UniqueIdentifier>
      <Extensions>rc;ico;cur;bmp;dlg;rc2;rct;bin;rgs;gif;jpg;jpeg;jpe;resx;tiff;tif;png;wav</Extensions>
    </Filter>
  </ItemGroup>
  <ItemGroup>
    <ClCompile Include="logi_20230315\imgui.cpp">
      <Filter>Source Files</Filter>
    </ClCompile>
    <ClCompile Include="logi_20230315\imgui_demo.cpp">
      <Filter>Source Files</Filter>
    </ClCompile>
    <ClCompile Include="logi_20230315\imgui_draw.cpp">
      <Filter>Source Files</Filter>
    </ClCompile>
    <ClCompile Include="logi_20230315\imgui_impl_glfw.cpp">
      <Filter>Source Files</Filter>
    </ClCompile>
    <ClCompile Include="logi_20230315\imgui_impl_opengl3.cpp">
      <Filter>Source Files</Filter>
    </ClCompile>
    <ClCompile Include="logi_20230315\imgui_tables.cpp">
      <Filter>Source Files</Filter>
    </ClCompile>
    <ClCompile Include="logi_20230315\imgui_widgets.cpp">
      <Filter>Source Files</Filter>
    </ClCompile>
    <ClCompile Include="logi_20230315\main.cpp">
      <Filter>Source Files</Filter>
    </ClCompile>
    <ClCompile Include="logi_20230315\MyApp.cpp">
      <Filter>Source Files</Filter>
    </ClCompile>
  </ItemGroup>
  <ItemGroup>
    <ClInclude Include="logi_20230315\IDClient.h">
      <Filter>Header Files</Filter>
    </ClInclude>
    <ClInclude Include="logi_20230315\imconfig.h">
      <Filter>Header Files</Filter>
    </ClInclude>
    <ClInclude Include="logi_20230315\imgui.h">
      <Filter>Header Files</Filter>
    </ClInclude>
    <ClInclude Include="logi_20230315\imgui_impl_glfw.h">
      <Filter>Header Files</Filter>
    </ClInclude>
    <ClInclude Include="logi_20230315\imgui_impl_opengl3.h">
      <Filter>Header Files</Filter>
    </ClInclude>
    <ClInclude Include="logi_20230315\imgui_impl_opengl3_loader.h">
      <Filter>Header Files</Filter>
    </ClInclude>
    <ClInclude Include="logi_20230315\imgui_internal.h">
      <Filter>Header Files</Filter>
    </ClInclude>
    <ClInclude Include="logi_20230315\imstb_rectpack.h">
      <Filter>Header Files</Filter>
    </ClInclude>
    <ClInclude Include="logi_20230315\imstb_textedit.h">
      <Filter>Header Files</Filter>
    </ClInclude>
    <ClInclude Include="logi_20230315\imstb_truetype.h">
      <Filter>Header Files</Filter>
    </ClInclude>
    <ClInclude Include="logi_20230315\LogiV4.h">
      <Filter>Header Files</Filter>
    </ClInclude>
    <ClInclude Include="logi_20230315\MyApp.h">
      <Filter>Header Files</Filter>
    </ClInclude>
    <ClInclude Include="logi_20230315\dependencies\include\IDClient.h">
      <Filter>Header Files</Filter>
    </ClInclude>
    <ClInclude Include="logi_20230315\dependencies\include\LogitechSteeringWheelLib.h">
      <Filter>Header Files</Filter>
    </ClInclude>
    <ClInclude Include="logi_20230315\dependencies\include\glfw\glfw3.h">
      <Filter>Header Files</Filter>
    </ClInclude>
    <ClInclude Include="logi_20230315\dependencies\include\glfw\glfw3native.h">
      <Filter>Header Files</Filter>
    </ClInclude>
    <ClInclude Include="logi_20230315\dependencies\include\opencv2\cvconfig.h">
      <Filter>Header Files</Filter>
    </ClInclude>
    <ClInclude Include="logi_20230315\dependencies\include\opencv2\aruco.hpp">
      <Filter>Header Files</Filter>
    </ClInclude>
    <ClInclude Include="logi_20230315\dependencies\include\opencv2\bgsegm.hpp">
      <Filter>Header Files</Filter>
    </ClInclude>
    <ClInclude Include="logi_20230315\dependencies\include\opencv2\bioinspired.hpp">
      <Filter>Header Files</Filter>
    </ClInclude>
    <ClInclude Include="logi_20230315\dependencies\include\opencv2\calib3d.hpp">
      <Filter>Header Files</Filter>
    </ClInclude>
    <ClInclude Include="logi_20230315\dependencies\include\opencv2\ccalib.hpp">
      <Filter>Header Files</Filter>
    </ClInclude>
    <ClInclude Include="logi_20230315\dependencies\include\opencv2\core.hpp">
      <Filter>Header Files</Filter>
    </ClInclude>
    <ClInclude Include="logi_20230315\dependencies\include\opencv2\core_detect.hpp">
      <Filter>Header Files</Filter>
    </ClInclude>
    <ClInclude Include="logi_20230315\dependencies\include\opencv2\dnn.hpp">
      <Filter>Header Files</Filter>
    </ClInclude>
    <ClInclude Include="logi_20230315\dependencies\include\opencv2\dpm.hpp">
      <Filter>Header Files</Filter>
    </ClInclude>
    <ClInclude Include="logi_20230315\dependencies\include\opencv2\face.hpp">
      <Filter>Header Files</Filter>
    </ClInclude>
    <ClInclude Include="logi_20230315\dependencies\include\opencv2\features2d.hpp">
      <Filter>Header Files</Filter>
    </ClInclude>
    <ClInclude Include="logi_20230315\dependencies\include\opencv2\flann.hpp">
      <Filter>Header Files</Filter>
    </ClInclude>
    <ClInclude Include="logi_20230315\dependencies\include\opencv2\fuzzy.hpp">
      <Filter>Header Files</Filter>
    </ClInclude>
    <ClInclude Include="logi_20230315\dependencies\include\opencv2\hfs.hpp">
      <Filter>Header Files</Filter>
    </ClInclude>
    <ClInclude Include="logi_20230315\dependencies\include\opencv2\highgui.hpp">
      <Filter>Header Files</Filter>
    </ClInclude>
    <ClInclude Include="logi_20230315\dependencies\include\opencv2\imgcodecs.hpp">
      <Filter>Header Files</Filter>
    </ClInclude>
    <ClInclude Include="logi_20230315\dependencies\include\opencv2\imgproc.hpp">
      <Filter>Header Files</Filter>
    </ClInclude>
    <ClInclude Include="logi_20230315\dependencies\include\opencv2\img_hash.hpp">
      <Filter>Header Files</Filter>
    </ClInclude>
    <ClInclude Include="logi_20230315\dependencies\include\opencv2\line_descriptor.hpp">
      <Filter>Header Files</Filter>
    </ClInclude>
    <ClInclude Include="logi_20230315\dependencies\include\opencv2\ml.hpp">
      <Filter>Header Files</Filter>
    </ClInclude>
    <ClInclude Include="logi_20230315\dependencies\include\opencv2\objdetect.hpp">
      <Filter>Header Files</Filter>
    </ClInclude>
    <ClInclude Include="logi_20230315\dependencies\include\opencv2\opencv.hpp">
      <Filter>Header Files</Filter>
    </ClInclude>
    <ClInclude Include="logi_20230315\dependencies\include\opencv2\opencv_modules.hpp">
      <Filter>Header Files</Filter>
    </ClInclude>
    <ClInclude Include="logi_20230315\dependencies\include\opencv2\optflow.hpp">
      <Filter>Header Files</Filter>
    </ClInclude>
    <ClInclude Include="logi_20230315\dependencies\include\opencv2\phase_unwrapping.hpp">
      <Filter>Header Files</Filter>
    </ClInclude>
    <ClInclude Include="logi_20230315\dependencies\include\opencv2\photo.hpp">
      <Filter>Header Files</Filter>
    </ClInclude>
    <ClInclude Include="logi_20230315\dependencies\include\opencv2\plot.hpp">
      <Filter>Header Files</Filter>
    </ClInclude>
    <ClInclude Include="logi_20230315\dependencies\include\opencv2\rgbd.hpp">
      <Filter>Header Files</Filter>
    </ClInclude>
    <ClInclude Include="logi_20230315\dependencies\include\opencv2\saliency.hpp">
      <Filter>Header Files</Filter>
    </ClInclude>
    <ClInclude Include="logi_20230315\dependencies\include\opencv2\shape.hpp">
      <Filter>Header Files</Filter>
    </ClInclude>
    <ClInclude Include="logi_20230315\dependencies\include\opencv2\stereo.hpp">
      <Filter>Header Files</Filter>
    </ClInclude>
    <ClInclude Include="logi_20230315\dependencies\include\opencv2\stitching.hpp">
      <Filter>Header Files</Filter>
    </ClInclude>
    <ClInclude Include="logi_20230315\dependencies\include\opencv2\structured_light.hpp">
      <Filter>Header Files</Filter>
    </ClInclude>
    <ClInclude Include="logi_20230315\dependencies\include\opencv2\superres.hpp">
      <Filter>Header Files</Filter>
    </ClInclude>
    <ClInclude Include="logi_20230315\dependencies\include\opencv2\surface_matching.hpp">
      <Filter>Header Files</Filter>
    </ClInclude>
    <ClInclude Include="logi_20230315\dependencies\include\opencv2\text.hpp">
      <Filter>Header Files</Filter>
    </ClInclude>
    <ClInclude Include="logi_20230315\dependencies\include\opencv2\tracking.hpp">
      <Filter>Header Files</Filter>
    </ClInclude>
    <ClInclude Include="logi_20230315\dependencies\include\opencv2\video.hpp">
      <Filter>Header Files</Filter>
    </ClInclude>
    <ClInclude Include="logi_20230315\dependencies\include\opencv2\videoio.hpp">
      <Filter>Header Files</Filter>
    </ClInclude>
    <ClInclude Include="logi_20230315\dependencies\include\opencv2\videostab.hpp">
      <Filter>Header Files</Filter>
    </ClInclude>
    <ClInclude Include="logi_20230315\dependencies\include\opencv2\world.hpp">
      <Filter>Header Files</Filter>
    </ClInclude>
    <ClInclude Include="logi_20230315\dependencies\include\opencv2\xfeatures2d.hpp">
      <Filter>Header Files</Filter>
    </ClInclude>
    <ClInclude Include="logi_20230315\dependencies\include\opencv2\ximgproc.hpp">
      <Filter>Header Files</Filter>
    </ClInclude>
    <ClInclude Include="logi_20230315\dependencies\include\opencv2\xobjdetect.hpp">
      <Filter>Header Files</Filter>
    </ClInclude>
    <ClInclude Include="logi_20230315\dependencies\include\opencv2\xphoto.hpp">
      <Filter>Header Files</Filter>
    </ClInclude>
    <ClInclude Include="logi_20230315\dependencies\include\opencv2\aruco\charuco.hpp">
      <Filter>Header Files</Filter>
    </ClInclude>
    <ClInclude Include="logi_20230315\dependencies\include\opencv2\aruco\dictionary.hpp">
      <Filter>Header Files</Filter>
    </ClInclude>
    <ClInclude Include="logi_20230315\dependencies\include\opencv2\bioinspired\bioinspired.hpp">
      <Filter>Header Files</Filter>
    </ClInclude>
    <ClInclude Include="logi_20230315\dependencies\include\opencv2\bioinspired\retina.hpp">
      <Filter>Header Files</Filter>
    </ClInclude>
    <ClInclude Include="logi_20230315\dependencies\include\opencv2\bioinspired\retinafasttonemapping.hpp">
      <Filter>Header Files</Filter>
    </ClInclude>
    <ClInclude Include="logi_20230315\dependencies\include\opencv2\bioinspired\transientareassegmentationmodule.hpp">
      <Filter>Header Files</Filter>
    </ClInclude>
    <ClInclude Include="logi_20230315\dependencies\include\opencv2\calib3d\calib3d_c.h">
      <Filter>Header Files</Filter>
    </ClInclude>
    <ClInclude Include="logi_20230315\dependencies\include\opencv2\calib3d\calib3d.hpp">
      <Filter>Header Files</Filter>
    </ClInclude>
    <ClInclude Include="logi_20230315\dependencies\include\opencv2\ccalib\multicalib.hpp">
      <Filter>Header Files</Filter>
    </ClInclude>
    <ClInclude Include="logi_20230315\dependencies\include\opencv2\ccalib\omnidir.hpp">
      <Filter>Header Files</Filter>
    </ClInclude>
    <ClInclude Include="logi_20230315\dependencies\include\opencv2\ccalib\randpattern.hpp">
      <Filter>Header Files</Filter>
    </ClInclude>
    <ClInclude Include="logi_20230315\dependencies\include\opencv2\core\core_c.h">
      <Filter>Header Files</Filter>
    </ClInclude>
    <ClInclude Include="logi_20230315\dependencies\include\opencv2\core\cvdef.h">
      <Filter>Header Files</Filter>
    </ClInclude>
    <ClInclude Include="logi_20230315\dependencies\include\opencv2\core\cv_cpu_dispatch.h">
      <Filter>Header Files</Filter>
    </ClInclude>
    <ClInclude Include="logi_20230315\dependencies\include\opencv2\core\cv_cpu_helper.h">
      <Filter>Header Files</Filter>
    </ClInclude>
    <ClInclude Include="logi_20230315\dependencies\include\opencv2\core\types_c.h">
      <Filter>Header Files</Filter>
    </ClInclude>
    <ClInclude Include="logi_20230315\dependencies\include\opencv2\core\affine.hpp">
      <Filter>Header Files</Filter>
    </ClInclude>
    <ClInclude Include="logi_20230315\dependencies\include\opencv2\core\base.hpp">
      <Filter>Header Files</Filter>
    </ClInclude>
    <ClInclude Include="logi_20230315\dependencies\include\opencv2\core\bindings_utils.hpp">
      <Filter>Header Files</Filter>
    </ClInclude>
    <ClInclude Include="logi_20230315\dependencies\include\opencv2\core\bufferpool.hpp">
      <Filter>Header Files</Filter>
    </ClInclude>
    <ClInclude Include="logi_20230315\dependencies\include\opencv2\core\check.hpp">
      <Filter>Header Files</Filter>
    </ClInclude>
    <ClInclude Include="logi_20230315\dependencies\include\opencv2\core\core.hpp">
      <Filter>Header Files</Filter>
    </ClInclude>
    <ClInclude Include="logi_20230315\dependencies\include\opencv2\core\cuda.hpp">
      <Filter>Header Files</Filter>
    </ClInclude>
    <ClInclude Include="logi_20230315\dependencies\include\opencv2\core\cuda.inl.hpp">
      <Filter>Header Files</Filter>
    </ClInclude>
    <ClInclude Include="logi_20230315\dependencies\include\opencv2\core\cuda_stream_accessor.hpp">
      <Filter>Header Files</Filter>
    </ClInclude>
    <ClInclude Include="logi_20230315\dependencies\include\opencv2\core\cuda_types.hpp">
      <Filter>Header Files</Filter>
    </ClInclude>
    <ClInclude Include="logi_20230315\dependencies\include\opencv2\core\cvstd.hpp">
      <Filter>Header Files</Filter>
    </ClInclude>
    <ClInclude Include="logi_20230315\dependencies\include\opencv2\core\cvstd.inl.hpp">
      <Filter>Header Files</Filter>
    </ClInclude>
    <ClInclude Include="logi_20230315\dependencies\include\opencv2\core\directx.hpp">
      <Filter>Header Files</Filter>
    </ClInclude>
    <ClInclude Include="logi_20230315\dependencies\include\opencv2\core\eigen.hpp">
      <Filter>Header Files</Filter>
    </ClInclude>
    <ClInclude Include="logi_20230315\dependencies\include\opencv2\core\fast_math.hpp">
      <Filter>Header Files</Filter>
    </ClInclude>
    <ClInclude Include="logi_20230315\dependencies\include\opencv2\core\ippasync.hpp">
      <Filter>Header Files</Filter>
    </ClInclude>
    <ClInclude Include="logi_20230315\dependencies\include\opencv2\core\mat.hpp">
      <Filter>Header Files</Filter>
    </ClInclude>
    <ClInclude Include="logi_20230315\dependencies\include\opencv2\core\mat.inl.hpp">
      <Filter>Header Files</Filter>
    </ClInclude>
    <ClInclude Include="logi_20230315\dependencies\include\opencv2\core\matx.hpp">
      <Filter>Header Files</Filter>
    </ClInclude>
    <ClInclude Include="logi_20230315\dependencies\include\opencv2\core\neon_utils.hpp">
      <Filter>Header Files</Filter>
    </ClInclude>
    <ClInclude Include="logi_20230315\dependencies\include\opencv2\core\ocl.hpp">
      <Filter>Header Files</Filter>
    </ClInclude>
    <ClInclude Include="logi_20230315\dependencies\include\opencv2\core\ocl_genbase.hpp">
      <Filter>Header Files</Filter>
    </ClInclude>
    <ClInclude Include="logi_20230315\dependencies\include\opencv2\core\opengl.hpp">
      <Filter>Header Files</Filter>
    </ClInclude>
    <ClInclude Include="logi_20230315\dependencies\include\opencv2\core\operations.hpp">
      <Filter>Header Files</Filter>
    </ClInclude>
    <ClInclude Include="logi_20230315\dependencies\include\opencv2\core\optim.hpp">
      <Filter>Header Files</Filter>
    </ClInclude>
    <ClInclude Include="logi_20230315\dependencies\include\opencv2\core\ovx.hpp">
      <Filter>Header Files</Filter>
    </ClInclude>
    <ClInclude Include="logi_20230315\dependencies\include\opencv2\core\persistence.hpp">
      <Filter>Header Files</Filter>
    </ClInclude>
    <ClInclude Include="logi_20230315\dependencies\include\opencv2\core\ptr.inl.hpp">
      <Filter>Header Files</Filter>
    </ClInclude>
    <ClInclude Include="logi_20230315\dependencies\include\opencv2\core\saturate.hpp">
      <Filter>Header Files</Filter>
    </ClInclude>
    <ClInclude Include="logi_20230315\dependencies\include\opencv2\core\softfloat.hpp">
      <Filter>Header Files</Filter>
    </ClInclude>
    <ClInclude Include="logi_20230315\dependencies\include\opencv2\core\sse_utils.hpp">
      <Filter>Header Files</Filter>
    </ClInclude>
    <ClInclude Include="logi_20230315\dependencies\include\opencv2\core\traits.hpp">
      <Filter>Header Files</Filter>
    </ClInclude>
    <ClInclude Include="logi_20230315\dependencies\include\opencv2\core\types.hpp">
      <Filter>Header Files</Filter>
    </ClInclude>
    <ClInclude Include="logi_20230315\dependencies\include\opencv2\core\utility.hpp">
      <Filter>Header Files</Filter>
    </ClInclude>
    <ClInclude Include="logi_20230315\dependencies\include\opencv2\core\va_intel.hpp">
      <Filter>Header Files</Filter>
    </ClInclude>
    <ClInclude Include="logi_20230315\dependencies\include\opencv2\core\version.hpp">
      <Filter>Header Files</Filter>
    </ClInclude>
    <ClInclude Include="logi_20230315\dependencies\include\opencv2\core\vsx_utils.hpp">
      <Filter>Header Files</Filter>
    </ClInclude>
    <ClInclude Include="logi_20230315\dependencies\include\opencv2\core\wimage.hpp">
      <Filter>Header Files</Filter>
    </ClInclude>
    <ClInclude Include="logi_20230315\dependencies\include\opencv2\core\cuda\block.hpp">
      <Filter>Header Files</Filter>
    </ClInclude>
    <ClInclude Include="logi_20230315\dependencies\include\opencv2\core\cuda\border_interpolate.hpp">
      <Filter>Header Files</Filter>
    </ClInclude>
    <ClInclude Include="logi_20230315\dependencies\include\opencv2\core\cuda\color.hpp">
      <Filter>Header Files</Filter>
    </ClInclude>
    <ClInclude Include="logi_20230315\dependencies\include\opencv2\core\cuda\common.hpp">
      <Filter>Header Files</Filter>
    </ClInclude>
    <ClInclude Include="logi_20230315\dependencies\include\opencv2\core\cuda\datamov_utils.hpp">
      <Filter>Header Files</Filter>
    </ClInclude>
    <ClInclude Include="logi_20230315\dependencies\include\opencv2\core\cuda\dynamic_smem.hpp">
      <Filter>Header Files</Filter>
    </ClInclude>
    <ClInclude Include="logi_20230315\dependencies\include\opencv2\core\cuda\emulation.hpp">
      <Filter>Header Files</Filter>
    </ClInclude>
    <ClInclude Include="logi_20230315\dependencies\include\opencv2\core\cuda\filters.hpp">
      <Filter>Header Files</Filter>
    </ClInclude>
    <ClInclude Include="logi_20230315\dependencies\include\opencv2\core\cuda\funcattrib.hpp">
      <Filter>Header Files</Filter>
    </ClInclude>
    <ClInclude Include="logi_20230315\dependencies\include\opencv2\core\cuda\functional.hpp">
      <Filter>Header Files</Filter>
    </ClInclude>
    <ClInclude Include="logi_20230315\dependencies\include\opencv2\core\cuda\limits.hpp">
      <Filter>Header Files</Filter>
    </ClInclude>
    <ClInclude Include="logi_20230315\dependencies\include\opencv2\core\cuda\reduce.hpp">
      <Filter>Header Files</Filter>
    </ClInclude>
    <ClInclude Include="logi_20230315\dependencies\include\opencv2\core\cuda\saturate_cast.hpp">
      <Filter>Header Files</Filter>
    </ClInclude>
    <ClInclude Include="logi_20230315\dependencies\include\opencv2\core\cuda\scan.hpp">
      <Filter>Header Files</Filter>
    </ClInclude>
    <ClInclude Include="logi_20230315\dependencies\include\opencv2\core\cuda\simd_functions.hpp">
      <Filter>Header Files</Filter>
    </ClInclude>
    <ClInclude Include="logi_20230315\dependencies\include\opencv2\core\cuda\transform.hpp">
      <Filter>Header Files</Filter>
    </ClInclude>
    <ClInclude Include="logi_20230315\dependencies\include\opencv2\core\cuda\type_traits.hpp">
      <Filter>Header Files</Filter>
    </ClInclude>
    <ClInclude Include="logi_20230315\dependencies\include\opencv2\core\cuda\utility.hpp">
      <Filter>Header Files</Filter>
    </ClInclude>
    <ClInclude Include="logi_20230315\dependencies\include\opencv2\core\cuda\vec_distance.hpp">
      <Filter>Header Files</Filter>
    </ClInclude>
    <ClInclude Include="logi_20230315\dependencies\include\opencv2\core\cuda\vec_math.hpp">
      <Filter>Header Files</Filter>
    </ClInclude>
    <ClInclude Include="logi_20230315\dependencies\include\opencv2\core\cuda\vec_traits.hpp">
      <Filter>Header Files</Filter>
    </ClInclude>
    <ClInclude Include="logi_20230315\dependencies\include\opencv2\core\cuda\warp.hpp">
      <Filter>Header Files</Filter>
    </ClInclude>
    <ClInclude Include="logi_20230315\dependencies\include\opencv2\core\cuda\warp_reduce.hpp">
      <Filter>Header Files</Filter>
    </ClInclude>
    <ClInclude Include="logi_20230315\dependencies\include\opencv2\core\cuda\warp_shuffle.hpp">
      <Filter>Header Files</Filter>
    </ClInclude>
    <ClInclude Include="logi_20230315\dependencies\include\opencv2\core\cuda\detail\color_detail.hpp">
      <Filter>Header Files</Filter>
    </ClInclude>
    <ClInclude Include="logi_20230315\dependencies\include\opencv2\core\cuda\detail\reduce.hpp">
      <Filter>Header Files</Filter>
    </ClInclude>
    <ClInclude Include="logi_20230315\dependencies\include\opencv2\core\cuda\detail\reduce_key_val.hpp">
      <Filter>Header Files</Filter>
    </ClInclude>
    <ClInclude Include="logi_20230315\dependencies\include\opencv2\core\cuda\detail\transform_detail.hpp">
      <Filter>Header Files</Filter>
    </ClInclude>
    <ClInclude Include="logi_20230315\dependencies\include\opencv2\core\cuda\detail\type_traits_detail.hpp">
      <Filter>Header Files</Filter>
    </ClInclude>
    <ClInclude Include="logi_20230315\dependencies\include\opencv2\core\cuda\detail\vec_distance_detail.hpp">
      <Filter>Header Files</Filter>
    </ClInclude>
    <ClInclude Include="logi_20230315\dependencies\include\opencv2\core\hal\interface.h">
      <Filter>Header Files</Filter>
    </ClInclude>
    <ClInclude Include="logi_20230315\dependencies\include\opencv2\core\hal\hal.hpp">
      <Filter>Header Files</Filter>
    </ClInclude>
    <ClInclude Include="logi_20230315\dependencies\include\opencv2\core\hal\intrin.hpp">
      <Filter>Header Files</Filter>
    </ClInclude>
    <ClInclude Include="logi_20230315\dependencies\include\opencv2\core\hal\intrin_avx.hpp">
      <Filter>Header Files</Filter>
    </ClInclude>
    <ClInclude Include="logi_20230315\dependencies\include\opencv2\core\hal\intrin_cpp.hpp">
      <Filter>Header Files</Filter>
    </ClInclude>
    <ClInclude Include="logi_20230315\dependencies\include\opencv2\core\hal\intrin_forward.hpp">
      <Filter>Header Files</Filter>
    </ClInclude>
    <ClInclude Include="logi_20230315\dependencies\include\opencv2\core\hal\intrin_neon.hpp">
      <Filter>Header Files</Filter>
    </ClInclude>
    <ClInclude Include="logi_20230315\dependencies\include\opencv2\core\hal\intrin_sse.hpp">
      <Filter>Header Files</Filter>
    </ClInclude>
    <ClInclude Include="logi_20230315\dependencies\include\opencv2\core\hal\intrin_sse_em.hpp">
      <Filter>Header Files</Filter>
    </ClInclude>
    <ClInclude Include="logi_20230315\dependencies\include\opencv2\core\hal\intrin_vsx.hpp">
      <Filter>Header Files</Filter>
    </ClInclude>
    <ClInclude Include="logi_20230315\dependencies\include\opencv2\core\opencl\ocl_defs.hpp">
      <Filter>Header Files</Filter>
    </ClInclude>
    <ClInclude Include="logi_20230315\dependencies\include\opencv2\core\opencl\opencl_info.hpp">
      <Filter>Header Files</Filter>
    </ClInclude>
    <ClInclude Include="logi_20230315\dependencies\include\opencv2\core\opencl\opencl_svm.hpp">
      <Filter>Header Files</Filter>
    </ClInclude>
    <ClInclude Include="logi_20230315\dependencies\include\opencv2\core\opencl\runtime\opencl_clamdblas.hpp">
      <Filter>Header Files</Filter>
    </ClInclude>
    <ClInclude Include="logi_20230315\dependencies\include\opencv2\core\opencl\runtime\opencl_clamdfft.hpp">
      <Filter>Header Files</Filter>
    </ClInclude>
    <ClInclude Include="logi_20230315\dependencies\include\opencv2\core\opencl\runtime\opencl_core.hpp">
      <Filter>Header Files</Filter>
    </ClInclude>
    <ClInclude Include="logi_20230315\dependencies\include\opencv2\core\opencl\runtime\opencl_core_wrappers.hpp">
      <Filter>Header Files</Filter>
    </ClInclude>
    <ClInclude Include="logi_20230315\dependencies\include\opencv2\core\opencl\runtime\opencl_gl.hpp">
      <Filter>Header Files</Filter>
    </ClInclude>
    <ClInclude Include="logi_20230315\dependencies\include\opencv2\core\opencl\runtime\opencl_gl_wrappers.hpp">
      <Filter>Header Files</Filter>
    </ClInclude>
    <ClInclude Include="logi_20230315\dependencies\include\opencv2\core\opencl\runtime\opencl_svm_20.hpp">
      <Filter>Header Files</Filter>
    </ClInclude>
    <ClInclude Include="logi_20230315\dependencies\include\opencv2\core\opencl\runtime\opencl_svm_definitions.hpp">
      <Filter>Header Files</Filter>
    </ClInclude>
    <ClInclude Include="logi_20230315\dependencies\include\opencv2\core\opencl\runtime\opencl_svm_hsa_extension.hpp">
      <Filter>Header Files</Filter>
    </ClInclude>
    <ClInclude Include="logi_20230315\dependencies\include\opencv2\core\opencl\runtime\autogenerated\opencl_clamdblas.hpp">
      <Filter>Header Files</Filter>
    </ClInclude>
    <ClInclude Include="logi_20230315\dependencies\include\opencv2\core\opencl\runtime\autogenerated\opencl_clamdfft.hpp">
      <Filter>Header Files</Filter>
    </ClInclude>
    <ClInclude Include="logi_20230315\dependencies\include\opencv2\core\opencl\runtime\autogenerated\opencl_core.hpp">
      <Filter>Header Files</Filter>
    </ClInclude>
    <ClInclude Include="logi_20230315\dependencies\include\opencv2\core\opencl\runtime\autogenerated\opencl_core_wrappers.hpp">
      <Filter>Header Files</Filter>
    </ClInclude>
    <ClInclude Include="logi_20230315\dependencies\include\opencv2\core\opencl\runtime\autogenerated\opencl_gl.hpp">
      <Filter>Header Files</Filter>
    </ClInclude>
    <ClInclude Include="logi_20230315\dependencies\include\opencv2\core\opencl\runtime\autogenerated\opencl_gl_wrappers.hpp">
      <Filter>Header Files</Filter>
    </ClInclude>
    <ClInclude Include="logi_20230315\dependencies\include\opencv2\core\utils\filesystem.hpp">
      <Filter>Header Files</Filter>
    </ClInclude>
    <ClInclude Include="logi_20230315\dependencies\include\opencv2\core\utils\logger.defines.hpp">
      <Filter>Header Files</Filter>
    </ClInclude>
    <ClInclude Include="logi_20230315\dependencies\include\opencv2\core\utils\logger.hpp">
      <Filter>Header Files</Filter>
    </ClInclude>
    <ClInclude Include="logi_20230315\dependencies\include\opencv2\core\utils\trace.hpp">
      <Filter>Header Files</Filter>
    </ClInclude>
    <ClInclude Include="logi_20230315\dependencies\include\opencv2\datasets\ar_hmdb.hpp">
      <Filter>Header Files</Filter>
    </ClInclude>
    <ClInclude Include="logi_20230315\dependencies\include\opencv2\datasets\ar_sports.hpp">
      <Filter>Header Files</Filter>
    </ClInclude>
    <ClInclude Include="logi_20230315\dependencies\include\opencv2\datasets\dataset.hpp">
      <Filter>Header Files</Filter>
    </ClInclude>
    <ClInclude Include="logi_20230315\dependencies\include\opencv2\datasets\fr_adience.hpp">
      <Filter>Header Files</Filter>
    </ClInclude>
    <ClInclude Include="logi_20230315\dependencies\include\opencv2\datasets\fr_lfw.hpp">
      <Filter>Header Files</Filter>
    </ClInclude>
    <ClInclude Include="logi_20230315\dependencies\include\opencv2\datasets\gr_chalearn.hpp">
      <Filter>Header Files</Filter>
    </ClInclude>
    <ClInclude Include="logi_20230315\dependencies\include\opencv2\datasets\gr_skig.hpp">
      <Filter>Header Files</Filter>
    </ClInclude>
    <ClInclude Include="logi_20230315\dependencies\include\opencv2\datasets\hpe_humaneva.hpp">
      <Filter>Header Files</Filter>
    </ClInclude>
    <ClInclude Include="logi_20230315\dependencies\include\opencv2\datasets\hpe_parse.hpp">
      <Filter>Header Files</Filter>
    </ClInclude>
    <ClInclude Include="logi_20230315\dependencies\include\opencv2\datasets\ir_affine.hpp">
      <Filter>Header Files</Filter>
    </ClInclude>
    <ClInclude Include="logi_20230315\dependencies\include\opencv2\datasets\ir_robot.hpp">
      <Filter>Header Files</Filter>
    </ClInclude>
    <ClInclude Include="logi_20230315\dependencies\include\opencv2\datasets\is_bsds.hpp">
      <Filter>Header Files</Filter>
    </ClInclude>
    <ClInclude Include="logi_20230315\dependencies\include\opencv2\datasets\is_weizmann.hpp">
      <Filter>Header Files</Filter>
    </ClInclude>
    <ClInclude Include="logi_20230315\dependencies\include\opencv2\datasets\msm_epfl.hpp">
      <Filter>Header Files</Filter>
    </ClInclude>
    <ClInclude Include="logi_20230315\dependencies\include\opencv2\datasets\msm_middlebury.hpp">
      <Filter>Header Files</Filter>
    </ClInclude>
    <ClInclude Include="logi_20230315\dependencies\include\opencv2\datasets\or_imagenet.hpp">
      <Filter>Header Files</Filter>
    </ClInclude>
    <ClInclude Include="logi_20230315\dependencies\include\opencv2\datasets\or_mnist.hpp">
      <Filter>Header Files</Filter>
    </ClInclude>
    <ClInclude Include="logi_20230315\dependencies\include\opencv2\datasets\or_pascal.hpp">
      <Filter>Header Files</Filter>
    </ClInclude>
    <ClInclude Include="logi_20230315\dependencies\include\opencv2\datasets\or_sun.hpp">
      <Filter>Header Files</Filter>
    </ClInclude>
    <ClInclude Include="logi_20230315\dependencies\include\opencv2\datasets\pd_caltech.hpp">
      <Filter>Header Files</Filter>
    </ClInclude>
    <ClInclude Include="logi_20230315\dependencies\include\opencv2\datasets\pd_inria.hpp">
      <Filter>Header Files</Filter>
    </ClInclude>
    <ClInclude Include="logi_20230315\dependencies\include\opencv2\datasets\slam_kitti.hpp">
      <Filter>Header Files</Filter>
    </ClInclude>
    <ClInclude Include="logi_20230315\dependencies\include\opencv2\datasets\slam_tumindoor.hpp">
      <Filter>Header Files</Filter>
    </ClInclude>
    <ClInclude Include="logi_20230315\dependencies\include\opencv2\datasets\track_alov.hpp">
      <Filter>Header Files</Filter>
    </ClInclude>
    <ClInclude Include="logi_20230315\dependencies\include\opencv2\datasets\track_vot.hpp">
      <Filter>Header Files</Filter>
    </ClInclude>
    <ClInclude Include="logi_20230315\dependencies\include\opencv2\datasets\tr_chars.hpp">
      <Filter>Header Files</Filter>
    </ClInclude>
    <ClInclude Include="logi_20230315\dependencies\include\opencv2\datasets\tr_icdar.hpp">
      <Filter>Header Files</Filter>
    </ClInclude>
    <ClInclude Include="logi_20230315\dependencies\include\opencv2\datasets\tr_svt.hpp">
      <Filter>Header Files</Filter>
    </ClInclude>
    <ClInclude Include="logi_20230315\dependencies\include\opencv2\datasets\util.hpp">
      <Filter>Header Files</Filter>
    </ClInclude>
    <ClInclude Include="logi_20230315\dependencies\include\opencv2\dnn\all_layers.hpp">
      <Filter>Header Files</Filter>
    </ClInclude>
    <ClInclude Include="logi_20230315\dependencies\include\opencv2\dnn\dict.hpp">
      <Filter>Header Files</Filter>
    </ClInclude>
    <ClInclude Include="logi_20230315\dependencies\include\opencv2\dnn\dnn.hpp">
      <Filter>Header Files</Filter>
    </ClInclude>
    <ClInclude Include="logi_20230315\dependencies\include\opencv2\dnn\dnn.inl.hpp">
      <Filter>Header Files</Filter>
    </ClInclude>
    <ClInclude Include="logi_20230315\dependencies\include\opencv2\dnn\layer.details.hpp">
      <Filter>Header Files</Filter>
    </ClInclude>
    <ClInclude Include="logi_20230315\dependencies\include\opencv2\dnn\layer.hpp">
      <Filter>Header Files</Filter>
    </ClInclude>
    <ClInclude Include="logi_20230315\dependencies\include\opencv2\dnn\shape_utils.hpp">
      <Filter>Header Files</Filter>
    </ClInclude>
    <ClInclude Include="logi_20230315\dependencies\include\opencv2\face\bif.hpp">
      <Filter>Header Files</Filter>
    </ClInclude>
    <ClInclude Include="logi_20230315\dependencies\include\opencv2\face\facemark.hpp">
      <Filter>Header Files</Filter>
    </ClInclude>
    <ClInclude Include="logi_20230315\dependencies\include\opencv2\face\facemarkAAM.hpp">
      <Filter>Header Files</Filter>
    </ClInclude>
    <ClInclude Include="logi_20230315\dependencies\include\opencv2\face\facemarkLBF.hpp">
      <Filter>Header Files</Filter>
    </ClInclude>
    <ClInclude Include="logi_20230315\dependencies\include\opencv2\face\facemark_train.hpp">
      <Filter>Header Files</Filter>
    </ClInclude>
    <ClInclude Include="logi_20230315\dependencies\include\opencv2\face\facerec.hpp">
      <Filter>Header Files</Filter>
    </ClInclude>
    <ClInclude Include="logi_20230315\dependencies\include\opencv2\face\face_alignment.hpp">
      <Filter>Header Files</Filter>
    </ClInclude>
    <ClInclude Include="logi_20230315\dependencies\include\opencv2\face\mace.hpp">
      <Filter>Header Files</Filter>
    </ClInclude>
    <ClInclude Include="logi_20230315\dependencies\include\opencv2\face\predict_collector.hpp">
      <Filter>Header Files</Filter>
    </ClInclude>
    <ClInclude Include="logi_20230315\dependencies\include\opencv2\features2d\features2d.hpp">
      <Filter>Header Files</Filter>
    </ClInclude>
    <ClInclude Include="logi_20230315\dependencies\include\opencv2\features2d\hal\interface.h">
      <Filter>Header Files</Filter>
    </ClInclude>
    <ClInclude Include="logi_20230315\dependencies\include\opencv2\flann\allocator.h">
      <Filter>Header Files</Filter>
    </ClInclude>
    <ClInclude Include="logi_20230315\dependencies\include\opencv2\flann\all_indices.h">
      <Filter>Header Files</Filter>
    </ClInclude>
    <ClInclude Include="logi_20230315\dependencies\include\opencv2\flann\any.h">
      <Filter>Header Files</Filter>
    </ClInclude>
    <ClInclude Include="logi_20230315\dependencies\include\opencv2\flann\autotuned_index.h">
      <Filter>Header Files</Filter>
    </ClInclude>
    <ClInclude Include="logi_20230315\dependencies\include\opencv2\flann\composite_index.h">
      <Filter>Header Files</Filter>
    </ClInclude>
    <ClInclude Include="logi_20230315\dependencies\include\opencv2\flann\config.h">
      <Filter>Header Files</Filter>
    </ClInclude>
    <ClInclude Include="logi_20230315\dependencies\include\opencv2\flann\defines.h">
      <Filter>Header Files</Filter>
    </ClInclude>
    <ClInclude Include="logi_20230315\dependencies\include\opencv2\flann\dist.h">
      <Filter>Header Files</Filter>
    </ClInclude>
    <ClInclude Include="logi_20230315\dependencies\include\opencv2\flann\dummy.h">
      <Filter>Header Files</Filter>
    </ClInclude>
    <ClInclude Include="logi_20230315\dependencies\include\opencv2\flann\dynamic_bitset.h">
      <Filter>Header Files</Filter>
    </ClInclude>
    <ClInclude Include="logi_20230315\dependencies\include\opencv2\flann\general.h">
      <Filter>Header Files</Filter>
    </ClInclude>
    <ClInclude Include="logi_20230315\dependencies\include\opencv2\flann\ground_truth.h">
      <Filter>Header Files</Filter>
    </ClInclude>
    <ClInclude Include="logi_20230315\dependencies\include\opencv2\flann\hdf5.h">
      <Filter>Header Files</Filter>
    </ClInclude>
    <ClInclude Include="logi_20230315\dependencies\include\opencv2\flann\heap.h">
      <Filter>Header Files</Filter>
    </ClInclude>
    <ClInclude Include="logi_20230315\dependencies\include\opencv2\flann\hierarchical_clustering_index.h">
      <Filter>Header Files</Filter>
    </ClInclude>
    <ClInclude Include="logi_20230315\dependencies\include\opencv2\flann\index_testing.h">
      <Filter>Header Files</Filter>
    </ClInclude>
    <ClInclude Include="logi_20230315\dependencies\include\opencv2\flann\kdtree_index.h">
      <Filter>Header Files</Filter>
    </ClInclude>
    <ClInclude Include="logi_20230315\dependencies\include\opencv2\flann\kdtree_single_index.h">
      <Filter>Header Files</Filter>
    </ClInclude>
    <ClInclude Include="logi_20230315\dependencies\include\opencv2\flann\kmeans_index.h">
      <Filter>Header Files</Filter>
    </ClInclude>
    <ClInclude Include="logi_20230315\dependencies\include\opencv2\flann\linear_index.h">
      <Filter>Header Files</Filter>
    </ClInclude>
    <ClInclude Include="logi_20230315\dependencies\include\opencv2\flann\logger.h">
      <Filter>Header Files</Filter>
    </ClInclude>
    <ClInclude Include="logi_20230315\dependencies\include\opencv2\flann\lsh_index.h">
      <Filter>Header Files</Filter>
    </ClInclude>
    <ClInclude Include="logi_20230315\dependencies\include\opencv2\flann\lsh_table.h">
      <Filter>Header Files</Filter>
    </ClInclude>
    <ClInclude Include="logi_20230315\dependencies\include\opencv2\flann\matrix.h">
      <Filter>Header Files</Filter>
    </ClInclude>
    <ClInclude Include="logi_20230315\dependencies\include\opencv2\flann\nn_index.h">
      <Filter>Header Files</Filter>
    </ClInclude>
    <ClInclude Include="logi_20230315\dependencies\include\opencv2\flann\object_factory.h">
      <Filter>Header Files</Filter>
    </ClInclude>
    <ClInclude Include="logi_20230315\dependencies\include\opencv2\flann\params.h">
      <Filter>Header Files</Filter>
    </ClInclude>
    <ClInclude Include="logi_20230315\dependencies\include\opencv2\flann\random.h">
      <Filter>Header Files</Filter>
    </ClInclude>
    <ClInclude Include="logi_20230315\dependencies\include\opencv2\flann\result_set.h">
      <Filter>Header Files</Filter>
    </ClInclude>
    <ClInclude Include="logi_20230315\dependencies\include\opencv2\flann\sampling.h">
      <Filter>Header Files</Filter>
    </ClInclude>
    <ClInclude Include="logi_20230315\dependencies\include\opencv2\flann\saving.h">
      <Filter>Header Files</Filter>
    </ClInclude>
    <ClInclude Include="logi_20230315\dependencies\include\opencv2\flann\simplex_downhill.h">
      <Filter>Header Files</Filter>
    </ClInclude>
    <ClInclude Include="logi_20230315\dependencies\include\opencv2\flann\timer.h">
      <Filter>Header Files</Filter>
    </ClInclude>
    <ClInclude Include="logi_20230315\dependencies\include\opencv2\flann\flann.hpp">
      <Filter>Header Files</Filter>
    </ClInclude>
    <ClInclude Include="logi_20230315\dependencies\include\opencv2\flann\flann_base.hpp">
      <Filter>Header Files</Filter>
    </ClInclude>
    <ClInclude Include="logi_20230315\dependencies\include\opencv2\flann\miniflann.hpp">
      <Filter>Header Files</Filter>
    </ClInclude>
    <ClInclude Include="logi_20230315\dependencies\include\opencv2\fuzzy\fuzzy_F0_math.hpp">
      <Filter>Header Files</Filter>
    </ClInclude>
    <ClInclude Include="logi_20230315\dependencies\include\opencv2\fuzzy\fuzzy_F1_math.hpp">
      <Filter>Header Files</Filter>
    </ClInclude>
    <ClInclude Include="logi_20230315\dependencies\include\opencv2\fuzzy\fuzzy_image.hpp">
      <Filter>Header Files</Filter>
    </ClInclude>
    <ClInclude Include="logi_20230315\dependencies\include\opencv2\fuzzy\types.hpp">
      <Filter>Header Files</Filter>
    </ClInclude>
    <ClInclude Include="logi_20230315\dependencies\include\opencv2\highgui\highgui_c.h">
      <Filter>Header Files</Filter>
    </ClInclude>
    <ClInclude Include="logi_20230315\dependencies\include\opencv2\highgui\highgui.hpp">
      <Filter>Header Files</Filter>
    </ClInclude>
    <ClInclude Include="logi_20230315\dependencies\include\opencv2\imgcodecs\imgcodecs_c.h">
      <Filter>Header Files</Filter>
    </ClInclude>
    <ClInclude Include="logi_20230315\dependencies\include\opencv2\imgcodecs\ios.h">
      <Filter>Header Files</Filter>
    </ClInclude>
    <ClInclude Include="logi_20230315\dependencies\include\opencv2\imgcodecs\imgcodecs.hpp">
      <Filter>Header Files</Filter>
    </ClInclude>
    <ClInclude Include="logi_20230315\dependencies\include\opencv2\imgproc\imgproc_c.h">
      <Filter>Header Files</Filter>
    </ClInclude>
    <ClInclude Include="logi_20230315\dependencies\include\opencv2\imgproc\types_c.h">
      <Filter>Header Files</Filter>
    </ClInclude>
    <ClInclude Include="logi_20230315\dependencies\include\opencv2\imgproc\imgproc.hpp">
      <Filter>Header Files</Filter>
    </ClInclude>
    <ClInclude Include="logi_20230315\dependencies\include\opencv2\imgproc\detail\distortion_model.hpp">
      <Filter>Header Files</Filter>
    </ClInclude>
    <ClInclude Include="logi_20230315\dependencies\include\opencv2\imgproc\hal\interface.h">
      <Filter>Header Files</Filter>
    </ClInclude>
    <ClInclude Include="logi_20230315\dependencies\include\opencv2\imgproc\hal\hal.hpp">
      <Filter>Header Files</Filter>
    </ClInclude>
    <ClInclude Include="logi_20230315\dependencies\include\opencv2\img_hash\average_hash.hpp">
      <Filter>Header Files</Filter>
    </ClInclude>
    <ClInclude Include="logi_20230315\dependencies\include\opencv2\img_hash\block_mean_hash.hpp">
      <Filter>Header Files</Filter>
    </ClInclude>
    <ClInclude Include="logi_20230315\dependencies\include\opencv2\img_hash\color_moment_hash.hpp">
      <Filter>Header Files</Filter>
    </ClInclude>
    <ClInclude Include="logi_20230315\dependencies\include\opencv2\img_hash\img_hash_base.hpp">
      <Filter>Header Files</Filter>
    </ClInclude>
    <ClInclude Include="logi_20230315\dependencies\include\opencv2\img_hash\marr_hildreth_hash.hpp">
      <Filter>Header Files</Filter>
    </ClInclude>
    <ClInclude Include="logi_20230315\dependencies\include\opencv2\img_hash\phash.hpp">
      <Filter>Header Files</Filter>
    </ClInclude>
    <ClInclude Include="logi_20230315\dependencies\include\opencv2\img_hash\radial_variance_hash.hpp">
      <Filter>Header Files</Filter>
    </ClInclude>
    <ClInclude Include="logi_20230315\dependencies\include\opencv2\line_descriptor\descriptor.hpp">
      <Filter>Header Files</Filter>
    </ClInclude>
    <ClInclude Include="logi_20230315\dependencies\include\opencv2\ml\ml.hpp">
      <Filter>Header Files</Filter>
    </ClInclude>
    <ClInclude Include="logi_20230315\dependencies\include\opencv2\ml\ml.inl.hpp">
      <Filter>Header Files</Filter>
    </ClInclude>
    <ClInclude Include="logi_20230315\dependencies\include\opencv2\objdetect\objdetect_c.h">
      <Filter>Header Files</Filter>
    </ClInclude>
    <ClInclude Include="logi_20230315\dependencies\include\opencv2\objdetect\detection_based_tracker.hpp">
      <Filter>Header Files</Filter>
    </ClInclude>
    <ClInclude Include="logi_20230315\dependencies\include\opencv2\objdetect\objdetect.hpp">
      <Filter>Header Files</Filter>
    </ClInclude>
    <ClInclude Include="logi_20230315\dependencies\include\opencv2\optflow\motempl.hpp">
      <Filter>Header Files</Filter>
    </ClInclude>
    <ClInclude Include="logi_20230315\dependencies\include\opencv2\optflow\pcaflow.hpp">
      <Filter>Header Files</Filter>
    </ClInclude>
    <ClInclude Include="logi_20230315\dependencies\include\opencv2\optflow\sparse_matching_gpc.hpp">
      <Filter>Header Files</Filter>
    </ClInclude>
    <ClInclude Include="logi_20230315\dependencies\include\opencv2\phase_unwrapping\histogramphaseunwrapping.hpp">
      <Filter>Header Files</Filter>
    </ClInclude>
    <ClInclude Include="logi_20230315\dependencies\include\opencv2\phase_unwrapping\phase_unwrapping.hpp">
      <Filter>Header Files</Filter>
    </ClInclude>
    <ClInclude Include="logi_20230315\dependencies\include\opencv2\photo\photo_c.h">
      <Filter>Header Files</Filter>
    </ClInclude>
    <ClInclude Include="logi_20230315\dependencies\include\opencv2\photo\cuda.hpp">
      <Filter>Header Files</Filter>
    </ClInclude>
    <ClInclude Include="logi_20230315\dependencies\include\opencv2\photo\photo.hpp">
      <Filter>Header Files</Filter>
    </ClInclude>
    <ClInclude Include="logi_20230315\dependencies\include\opencv2\reg\map.hpp">
      <Filter>Header Files</Filter>
    </ClInclude>
    <ClInclude Include="logi_20230315\dependencies\include\opencv2\reg\mapaffine.hpp">
      <Filter>Header Files</Filter>
    </ClInclude>
    <ClInclude Include="logi_20230315\dependencies\include\opencv2\reg\mapper.hpp">
      <Filter>Header Files</Filter>
    </ClInclude>
    <ClInclude Include="logi_20230315\dependencies\include\opencv2\reg\mappergradaffine.hpp">
      <Filter>Header Files</Filter>
    </ClInclude>
    <ClInclude Include="logi_20230315\dependencies\include\opencv2\reg\mappergradeuclid.hpp">
      <Filter>Header Files</Filter>
    </ClInclude>
    <ClInclude Include="logi_20230315\dependencies\include\opencv2\reg\mappergradproj.hpp">
      <Filter>Header Files</Filter>
    </ClInclude>
    <ClInclude Include="logi_20230315\dependencies\include\opencv2\reg\mappergradshift.hpp">
      <Filter>Header Files</Filter>
    </ClInclude>
    <ClInclude Include="logi_20230315\dependencies\include\opencv2\reg\mappergradsimilar.hpp">
      <Filter>Header Files</Filter>
    </ClInclude>
    <ClInclude Include="logi_20230315\dependencies\include\opencv2\reg\mapperpyramid.hpp">
      <Filter>Header Files</Filter>
    </ClInclude>
    <ClInclude Include="logi_20230315\dependencies\include\opencv2\reg\mapprojec.hpp">
      <Filter>Header Files</Filter>
    </ClInclude>
    <ClInclude Include="logi_20230315\dependencies\include\opencv2\reg\mapshift.hpp">
      <Filter>Header Files</Filter>
    </ClInclude>
    <ClInclude Include="logi_20230315\dependencies\include\opencv2\rgbd\linemod.hpp">
      <Filter>Header Files</Filter>
    </ClInclude>
    <ClInclude Include="logi_20230315\dependencies\include\opencv2\saliency\saliencyBaseClasses.hpp">
      <Filter>Header Files</Filter>
    </ClInclude>
    <ClInclude Include="logi_20230315\dependencies\include\opencv2\saliency\saliencySpecializedClasses.hpp">
      <Filter>Header Files</Filter>
    </ClInclude>
    <ClInclude Include="logi_20230315\dependencies\include\opencv2\shape\emdL1.hpp">
      <Filter>Header Files</Filter>
    </ClInclude>
    <ClInclude Include="logi_20230315\dependencies\include\opencv2\shape\hist_cost.hpp">
      <Filter>Header Files</Filter>
    </ClInclude>
    <ClInclude Include="logi_20230315\dependencies\include\opencv2\shape\shape.hpp">
      <Filter>Header Files</Filter>
    </ClInclude>
    <ClInclude Include="logi_20230315\dependencies\include\opencv2\shape\shape_distance.hpp">
      <Filter>Header Files</Filter>
    </ClInclude>
    <ClInclude Include="logi_20230315\dependencies\include\opencv2\shape\shape_transformer.hpp">
      <Filter>Header Files</Filter>
    </ClInclude>
    <ClInclude Include="logi_20230315\dependencies\include\opencv2\stereo\descriptor.hpp">
      <Filter>Header Files</Filter>
    </ClInclude>
    <ClInclude Include="logi_20230315\dependencies\include\opencv2\stereo\matching.hpp">
      <Filter>Header Files</Filter>
    </ClInclude>
    <ClInclude Include="logi_20230315\dependencies\include\opencv2\stereo\stereo.hpp">
      <Filter>Header Files</Filter>
    </ClInclude>
    <ClInclude Include="logi_20230315\dependencies\include\opencv2\stitching\warpers.hpp">
      <Filter>Header Files</Filter>
    </ClInclude>
    <ClInclude Include="logi_20230315\dependencies\include\opencv2\stitching\detail\autocalib.hpp">
      <Filter>Header Files</Filter>
    </ClInclude>
    <ClInclude Include="logi_20230315\dependencies\include\opencv2\stitching\detail\blenders.hpp">
      <Filter>Header Files</Filter>
    </ClInclude>
    <ClInclude Include="logi_20230315\dependencies\include\opencv2\stitching\detail\camera.hpp">
      <Filter>Header Files</Filter>
    </ClInclude>
    <ClInclude Include="logi_20230315\dependencies\include\opencv2\stitching\detail\exposure_compensate.hpp">
      <Filter>Header Files</Filter>
    </ClInclude>
    <ClInclude Include="logi_20230315\dependencies\include\opencv2\stitching\detail\matchers.hpp">
      <Filter>Header Files</Filter>
    </ClInclude>
    <ClInclude Include="logi_20230315\dependencies\include\opencv2\stitching\detail\motion_estimators.hpp">
      <Filter>Header Files</Filter>
    </ClInclude>
    <ClInclude Include="logi_20230315\dependencies\include\opencv2\stitching\detail\seam_finders.hpp">
      <Filter>Header Files</Filter>
    </ClInclude>
    <ClInclude Include="logi_20230315\dependencies\include\opencv2\stitching\detail\timelapsers.hpp">
      <Filter>Header Files</Filter>
    </ClInclude>
    <ClInclude Include="logi_20230315\dependencies\include\opencv2\stitching\detail\util.hpp">
      <Filter>Header Files</Filter>
    </ClInclude>
    <ClInclude Include="logi_20230315\dependencies\include\opencv2\stitching\detail\util_inl.hpp">
      <Filter>Header Files</Filter>
    </ClInclude>
    <ClInclude Include="logi_20230315\dependencies\include\opencv2\stitching\detail\warpers.hpp">
      <Filter>Header Files</Filter>
    </ClInclude>
    <ClInclude Include="logi_20230315\dependencies\include\opencv2\stitching\detail\warpers_inl.hpp">
      <Filter>Header Files</Filter>
    </ClInclude>
    <ClInclude Include="logi_20230315\dependencies\include\opencv2\structured_light\graycodepattern.hpp">
      <Filter>Header Files</Filter>
    </ClInclude>
    <ClInclude Include="logi_20230315\dependencies\include\opencv2\structured_light\sinusoidalpattern.hpp">
      <Filter>Header Files</Filter>
    </ClInclude>
    <ClInclude Include="logi_20230315\dependencies\include\opencv2\structured_light\structured_light.hpp">
      <Filter>Header Files</Filter>
    </ClInclude>
    <ClInclude Include="logi_20230315\dependencies\include\opencv2\superres\optical_flow.hpp">
      <Filter>Header Files</Filter>
    </ClInclude>
    <ClInclude Include="logi_20230315\dependencies\include\opencv2\surface_matching\icp.hpp">
      <Filter>Header Files</Filter>
    </ClInclude>
    <ClInclude Include="logi_20230315\dependencies\include\opencv2\surface_matching\pose_3d.hpp">
      <Filter>Header Files</Filter>
    </ClInclude>
    <ClInclude Include="logi_20230315\dependencies\include\opencv2\surface_matching\ppf_helpers.hpp">
      <Filter>Header Files</Filter>
    </ClInclude>
    <ClInclude Include="logi_20230315\dependencies\include\opencv2\surface_matching\ppf_match_3d.hpp">
      <Filter>Header Files</Filter>
    </ClInclude>
    <ClInclude Include="logi_20230315\dependencies\include\opencv2\surface_matching\t_hash_int.hpp">
      <Filter>Header Files</Filter>
    </ClInclude>
    <ClInclude Include="logi_20230315\dependencies\include\opencv2\text\erfilter.hpp">
      <Filter>Header Files</Filter>
    </ClInclude>
    <ClInclude Include="logi_20230315\dependencies\include\opencv2\text\ocr.hpp">
      <Filter>Header Files</Filter>
    </ClInclude>
    <ClInclude Include="logi_20230315\dependencies\include\opencv2\text\textDetector.hpp">
      <Filter>Header Files</Filter>
    </ClInclude>
    <ClInclude Include="logi_20230315\dependencies\include\opencv2\tracking\feature.hpp">
      <Filter>Header Files</Filter>
    </ClInclude>
    <ClInclude Include="logi_20230315\dependencies\include\opencv2\tracking\kalman_filters.hpp">
      <Filter>Header Files</Filter>
    </ClInclude>
    <ClInclude Include="logi_20230315\dependencies\include\opencv2\tracking\onlineBoosting.hpp">
      <Filter>Header Files</Filter>
    </ClInclude>
    <ClInclude Include="logi_20230315\dependencies\include\opencv2\tracking\onlineMIL.hpp">
      <Filter>Header Files</Filter>
    </ClInclude>
    <ClInclude Include="logi_20230315\dependencies\include\opencv2\tracking\tldDataset.hpp">
      <Filter>Header Files</Filter>
    </ClInclude>
    <ClInclude Include="logi_20230315\dependencies\include\opencv2\tracking\tracker.hpp">
      <Filter>Header Files</Filter>
    </ClInclude>
    <ClInclude Include="logi_20230315\dependencies\include\opencv2\tracking\tracking.hpp">
      <Filter>Header Files</Filter>
    </ClInclude>
    <ClInclude Include="logi_20230315\dependencies\include\opencv2\video\tracking_c.h">
      <Filter>Header Files</Filter>
    </ClInclude>
    <ClInclude Include="logi_20230315\dependencies\include\opencv2\video\background_segm.hpp">
      <Filter>Header Files</Filter>
    </ClInclude>
    <ClInclude Include="logi_20230315\dependencies\include\opencv2\video\tracking.hpp">
      <Filter>Header Files</Filter>
    </ClInclude>
    <ClInclude Include="logi_20230315\dependencies\include\opencv2\video\video.hpp">
      <Filter>Header Files</Filter>
    </ClInclude>
    <ClInclude Include="logi_20230315\dependencies\include\opencv2\videoio\cap_ios.h">
      <Filter>Header Files</Filter>
    </ClInclude>
    <ClInclude Include="logi_20230315\dependencies\include\opencv2\videoio\videoio_c.h">
      <Filter>Header Files</Filter>
    </ClInclude>
    <ClInclude Include="logi_20230315\dependencies\include\opencv2\videoio\registry.hpp">
      <Filter>Header Files</Filter>
    </ClInclude>
    <ClInclude Include="logi_20230315\dependencies\include\opencv2\videoio\videoio.hpp">
      <Filter>Header Files</Filter>
    </ClInclude>
    <ClInclude Include="logi_20230315\dependencies\include\opencv2\videostab\deblurring.hpp">
      <Filter>Header Files</Filter>
    </ClInclude>
    <ClInclude Include="logi_20230315\dependencies\include\opencv2\videostab\fast_marching.hpp">
      <Filter>Header Files</Filter>
    </ClInclude>
    <ClInclude Include="logi_20230315\dependencies\include\opencv2\videostab\fast_marching_inl.hpp">
      <Filter>Header Files</Filter>
    </ClInclude>
    <ClInclude Include="logi_20230315\dependencies\include\opencv2\videostab\frame_source.hpp">
      <Filter>Header Files</Filter>
    </ClInclude>
    <ClInclude Include="logi_20230315\dependencies\include\opencv2\videostab\global_motion.hpp">
      <Filter>Header Files</Filter>
    </ClInclude>
    <ClInclude Include="logi_20230315\dependencies\include\opencv2\videostab\inpainting.hpp">
      <Filter>Header Files</Filter>
    </ClInclude>
    <ClInclude Include="logi_20230315\dependencies\include\opencv2\videostab\log.hpp">
      <Filter>Header Files</Filter>
    </ClInclude>
    <ClInclude Include="logi_20230315\dependencies\include\opencv2\videostab\motion_core.hpp">
      <Filter>Header Files</Filter>
    </ClInclude>
    <ClInclude Include="logi_20230315\dependencies\include\opencv2\videostab\motion_stabilizing.hpp">
      <Filter>Header Files</Filter>
    </ClInclude>
    <ClInclude Include="logi_20230315\dependencies\include\opencv2\videostab\optical_flow.hpp">
      <Filter>Header Files</Filter>
    </ClInclude>
    <ClInclude Include="logi_20230315\dependencies\include\opencv2\videostab\outlier_rejection.hpp">
      <Filter>Header Files</Filter>
    </ClInclude>
    <ClInclude Include="logi_20230315\dependencies\include\opencv2\videostab\ring_buffer.hpp">
      <Filter>Header Files</Filter>
    </ClInclude>
    <ClInclude Include="logi_20230315\dependencies\include\opencv2\videostab\stabilizer.hpp">
      <Filter>Header Files</Filter>
    </ClInclude>
    <ClInclude Include="logi_20230315\dependencies\include\opencv2\videostab\wobble_suppression.hpp">
      <Filter>Header Files</Filter>
    </ClInclude>
    <ClInclude Include="logi_20230315\dependencies\include\opencv2\xfeatures2d\cuda.hpp">
      <Filter>Header Files</Filter>
    </ClInclude>
    <ClInclude Include="logi_20230315\dependencies\include\opencv2\xfeatures2d\nonfree.hpp">
      <Filter>Header Files</Filter>
    </ClInclude>
    <ClInclude Include="logi_20230315\dependencies\include\opencv2\ximgproc\brightedges.hpp">
      <Filter>Header Files</Filter>
    </ClInclude>
    <ClInclude Include="logi_20230315\dependencies\include\opencv2\ximgproc\deriche_filter.hpp">
      <Filter>Header Files</Filter>
    </ClInclude>
    <ClInclude Include="logi_20230315\dependencies\include\opencv2\ximgproc\disparity_filter.hpp">
      <Filter>Header Files</Filter>
    </ClInclude>
    <ClInclude Include="logi_20230315\dependencies\include\opencv2\ximgproc\edgeboxes.hpp">
      <Filter>Header Files</Filter>
    </ClInclude>
    <ClInclude Include="logi_20230315\dependencies\include\opencv2\ximgproc\edge_filter.hpp">
      <Filter>Header Files</Filter>
    </ClInclude>
    <ClInclude Include="logi_20230315\dependencies\include\opencv2\ximgproc\estimated_covariance.hpp">
      <Filter>Header Files</Filter>
    </ClInclude>
    <ClInclude Include="logi_20230315\dependencies\include\opencv2\ximgproc\fast_hough_transform.hpp">
      <Filter>Header Files</Filter>
    </ClInclude>
    <ClInclude Include="logi_20230315\dependencies\include\opencv2\ximgproc\fast_line_detector.hpp">
      <Filter>Header Files</Filter>
    </ClInclude>
    <ClInclude Include="logi_20230315\dependencies\include\opencv2\ximgproc\fourier_descriptors.hpp">
      <Filter>Header Files</Filter>
    </ClInclude>
    <ClInclude Include="logi_20230315\dependencies\include\opencv2\ximgproc\lsc.hpp">
      <Filter>Header Files</Filter>
    </ClInclude>
    <ClInclude Include="logi_20230315\dependencies\include\opencv2\ximgproc\paillou_filter.hpp">
      <Filter>Header Files</Filter>
    </ClInclude>
    <ClInclude Include="logi_20230315\dependencies\include\opencv2\ximgproc\peilin.hpp">
      <Filter>Header Files</Filter>
    </ClInclude>
    <ClInclude Include="logi_20230315\dependencies\include\opencv2\ximgproc\ridgefilter.hpp">
      <Filter>Header Files</Filter>
    </ClInclude>
    <ClInclude Include="logi_20230315\dependencies\include\opencv2\ximgproc\seeds.hpp">
      <Filter>Header Files</Filter>
    </ClInclude>
    <ClInclude Include="logi_20230315\dependencies\include\opencv2\ximgproc\segmentation.hpp">
      <Filter>Header Files</Filter>
    </ClInclude>
    <ClInclude Include="logi_20230315\dependencies\include\opencv2\ximgproc\slic.hpp">
      <Filter>Header Files</Filter>
    </ClInclude>
    <ClInclude Include="logi_20230315\dependencies\include\opencv2\ximgproc\sparse_match_interpolator.hpp">
      <Filter>Header Files</Filter>
    </ClInclude>
    <ClInclude Include="logi_20230315\dependencies\include\opencv2\ximgproc\structured_edge_detection.hpp">
      <Filter>Header Files</Filter>
    </ClInclude>
    <ClInclude Include="logi_20230315\dependencies\include\opencv2\ximgproc\weighted_median_filter.hpp">
      <Filter>Header Files</Filter>
    </ClInclude>
    <ClInclude Include="logi_20230315\dependencies\include\opencv2\xphoto\bm3d_image_denoising.hpp">
      <Filter>Header Files</Filter>
    </ClInclude>
    <ClInclude Include="logi_20230315\dependencies\include\opencv2\xphoto\dct_image_denoising.hpp">
      <Filter>Header Files</Filter>
    </ClInclude>
    <ClInclude Include="logi_20230315\dependencies\include\opencv2\xphoto\inpainting.hpp">
      <Filter>Header Files</Filter>
    </ClInclude>
    <ClInclude Include="logi_20230315\dependencies\include\opencv2\xphoto\tonemap.hpp">
      <Filter>Header Files</Filter>
    </ClInclude>
    <ClInclude Include="logi_20230315\dependencies\include\opencv2\xphoto\white_balance.hpp">
      <Filter>Header Files</Filter>
    </ClInclude>
  </ItemGroup>
  <ItemGroup>
    <None Include=".vs\test_2025_2_8\v17\fileList.bin">
      <Filter>Resource Files</Filter>
    </None>
    <None Include="viewer_multi2\index.html" />
    <None Include="viewer_multi2\index_2cols.html" />
    <None Include="viewer_multi2\index_2rows.html" />
    <None Include="viewer_multi2\index_all.html" />
    <None Include="viewer_multi2\index_comp.html" />
    <None Include="viewer_multi2\index_comp2.html" />
  </ItemGroup>
</Project>